
Microsoft Visual Studio Solution File, Format Version 12.00
# Visual Studio Version 16
VisualStudioVersion = 16.0.29709.97
MinimumVisualStudioVersion = 10.0.40219.1
Project("{FAE04EC0-301F-11D3-BF4B-00C04F79EFBC}") = "HW1Part1", "HW1Part1\HW1Part1.csproj", "{5EDF6DEC-2028-4C38-A535-0762F07B1171}"
EndProject
Global
	GlobalSection(SolutionConfigurationPlatforms) = preSolution
		Debug|Any CPU = Debug|Any CPU
		Release|Any CPU = Release|Any CPU
	EndGlobalSection
	GlobalSection(ProjectConfigurationPlatforms) = postSolution
		{5EDF6DEC-2028-4C38-A535-0762F07B1171}.Debug|Any CPU.ActiveCfg = Debug|Any CPU
		{5EDF6DEC-2028-4C38-A535-0762F07B1171}.Debug|Any CPU.Build.0 = Debug|Any CPU
		{5EDF6DEC-2028-4C38-A535-0762F07B1171}.Release|Any CPU.ActiveCfg = Release|Any CPU
		{5EDF6DEC-2028-4C38-A535-0762F07B1171}.Release|Any CPU.Build.0 = Release|Any CPU
	EndGlobalSection
	GlobalSection(SolutionProperties) = preSolution
		HideSolutionNode = FALSE
	EndGlobalSection
	GlobalSection(ExtensibilityGlobals) = postSolution
		SolutionGuid = {0217BE97-5A5B-4A8E-8611-201F4924B832}
	EndGlobalSection
EndGlobal
